
Microsoft Visual Studio Solution File, Format Version 12.00
# Visual Studio Version 16
VisualStudioVersion = 16.0.30621.155
MinimumVisualStudioVersion = 10.0.40219.1
Project("{FAE04EC0-301F-11D3-BF4B-00C04F79EFBC}") = "AllianzCarPolicy.UI.Web", "AllianzCarPolicyTest\AllianzCarPolicy.UI.Web.csproj", "{4F21EA27-36C1-4B8D-BB06-E7581A9022E8}"
EndProject
Project("{FAE04EC0-301F-11D3-BF4B-00C04F79EFBC}") = "AllianzCarPolicy.Data", "AllianzCarPolicy.Data\AllianzCarPolicy.Data.csproj", "{62BE6A3C-C47B-4A46-82F9-A700BAB049B9}"
EndProject
Project("{FAE04EC0-301F-11D3-BF4B-00C04F79EFBC}") = "AllianzCarPolicy.Core", "AllianzCarPolicy.Core\AllianzCarPolicy.Core.csproj", "{8A92BC23-F583-4BF7-ADFB-7DA3111C1935}"
EndProject
Project("{FAE04EC0-301F-11D3-BF4B-00C04F79EFBC}") = "AllianzCarPolicy.Service", "AllianzCarPolicy.Service\AllianzCarPolicy.Service.csproj", "{5F0FBA73-5DFD-4E3B-9D8F-1455C5A9F5C7}"
EndProject
Project("{FAE04EC0-301F-11D3-BF4B-00C04F79EFBC}") = "AllianzCarPolicy.Persistence", "AllianzCarPolicy.Persistence\AllianzCarPolicy.Persistence.csproj", "{60AC04C2-9BF9-46E0-8014-CE3786A72605}"
EndProject
Global
	GlobalSection(SolutionConfigurationPlatforms) = preSolution
		Debug|Any CPU = Debug|Any CPU
		Release|Any CPU = Release|Any CPU
	EndGlobalSection
	GlobalSection(ProjectConfigurationPlatforms) = postSolution
		{4F21EA27-36C1-4B8D-BB06-E7581A9022E8}.Debug|Any CPU.ActiveCfg = Debug|Any CPU
		{4F21EA27-36C1-4B8D-BB06-E7581A9022E8}.Debug|Any CPU.Build.0 = Debug|Any CPU
		{4F21EA27-36C1-4B8D-BB06-E7581A9022E8}.Release|Any CPU.ActiveCfg = Release|Any CPU
		{4F21EA27-36C1-4B8D-BB06-E7581A9022E8}.Release|Any CPU.Build.0 = Release|Any CPU
		{62BE6A3C-C47B-4A46-82F9-A700BAB049B9}.Debug|Any CPU.ActiveCfg = Debug|Any CPU
		{62BE6A3C-C47B-4A46-82F9-A700BAB049B9}.Debug|Any CPU.Build.0 = Debug|Any CPU
		{62BE6A3C-C47B-4A46-82F9-A700BAB049B9}.Release|Any CPU.ActiveCfg = Release|Any CPU
		{62BE6A3C-C47B-4A46-82F9-A700BAB049B9}.Release|Any CPU.Build.0 = Release|Any CPU
		{8A92BC23-F583-4BF7-ADFB-7DA3111C1935}.Debug|Any CPU.ActiveCfg = Debug|Any CPU
		{8A92BC23-F583-4BF7-ADFB-7DA3111C1935}.Debug|Any CPU.Build.0 = Debug|Any CPU
		{8A92BC23-F583-4BF7-ADFB-7DA3111C1935}.Release|Any CPU.ActiveCfg = Release|Any CPU
		{8A92BC23-F583-4BF7-ADFB-7DA3111C1935}.Release|Any CPU.Build.0 = Release|Any CPU
		{5F0FBA73-5DFD-4E3B-9D8F-1455C5A9F5C7}.Debug|Any CPU.ActiveCfg = Debug|Any CPU
		{5F0FBA73-5DFD-4E3B-9D8F-1455C5A9F5C7}.Debug|Any CPU.Build.0 = Debug|Any CPU
		{5F0FBA73-5DFD-4E3B-9D8F-1455C5A9F5C7}.Release|Any CPU.ActiveCfg = Release|Any CPU
		{5F0FBA73-5DFD-4E3B-9D8F-1455C5A9F5C7}.Release|Any CPU.Build.0 = Release|Any CPU
		{60AC04C2-9BF9-46E0-8014-CE3786A72605}.Debug|Any CPU.ActiveCfg = Debug|Any CPU
		{60AC04C2-9BF9-46E0-8014-CE3786A72605}.Debug|Any CPU.Build.0 = Debug|Any CPU
		{60AC04C2-9BF9-46E0-8014-CE3786A72605}.Release|Any CPU.ActiveCfg = Release|Any CPU
		{60AC04C2-9BF9-46E0-8014-CE3786A72605}.Release|Any CPU.Build.0 = Release|Any CPU
	EndGlobalSection
	GlobalSection(SolutionProperties) = preSolution
		HideSolutionNode = FALSE
	EndGlobalSection
	GlobalSection(ExtensibilityGlobals) = postSolution
		SolutionGuid = {19BDE509-767D-439F-A118-E3CB426C4E7A}
	EndGlobalSection
EndGlobal
